
Microsoft Visual Studio Solution File, Format Version 12.00
# Visual Studio Version 16
VisualStudioVersion = 16.0.30907.101
MinimumVisualStudioVersion = 10.0.40219.1
Project("{FAE04EC0-301F-11D3-BF4B-00C04F79EFBC}") = "laba1", "laba1\laba1.csproj", "{CB74D8F2-127C-4C6C-9EF1-A2246FC535F2}"
EndProject
Global
	GlobalSection(SolutionConfigurationPlatforms) = preSolution
		Debug|Any CPU = Debug|Any CPU
		Release|Any CPU = Release|Any CPU
	EndGlobalSection
	GlobalSection(ProjectConfigurationPlatforms) = postSolution
		{CB74D8F2-127C-4C6C-9EF1-A2246FC535F2}.Debug|Any CPU.ActiveCfg = Debug|Any CPU
		{CB74D8F2-127C-4C6C-9EF1-A2246FC535F2}.Debug|Any CPU.Build.0 = Debug|Any CPU
		{CB74D8F2-127C-4C6C-9EF1-A2246FC535F2}.Release|Any CPU.ActiveCfg = Release|Any CPU
		{CB74D8F2-127C-4C6C-9EF1-A2246FC535F2}.Release|Any CPU.Build.0 = Release|Any CPU
	EndGlobalSection
	GlobalSection(SolutionProperties) = preSolution
		HideSolutionNode = FALSE
	EndGlobalSection
	GlobalSection(ExtensibilityGlobals) = postSolution
		SolutionGuid = {25A41D8D-D6BF-42C0-82C1-BFAA2CE7707E}
	EndGlobalSection
EndGlobal
